{
  "name": "js_basic",
  "version": "1.0.0",
  "lockfileVersion": 1,
  "requires": true,
  "dependencies": {
    "bootstrap": {
      "version": "4.0.0",
      "resolved": "http://registry.npm.taobao.org/bootstrap/download/bootstrap-4.0.0.tgz",
      "dev": true
    },
    "commander": {
      "version": "2.15.1",
      "resolved": "https://registry.npmjs.org/commander/-/commander-2.15.1.tgz",
      "integrity": "sha512-VlfT9F3V0v+jr4yxPc5gg9s62/fIVWsd2Bk2iD435um1NlGMYdVCq+MjcXnhYq2icNOizHr1kK+5TI6H0Hy0ag==",
      "dev": true
    },
    "crypto-js": {
      "version": "3.1.9-1",
      "resolved": "https://registry.npmjs.org/crypto-js/-/crypto-js-3.1.9-1.tgz",
      "integrity": "sha1-/aGedh/Ad+Af+/3G6f38WeiAbNg=",
      "dev": true
    },
    "echarts": {
      "version": "4.0.4",
      "resolved": "http://registry.npm.taobao.org/echarts/download/echarts-4.0.4.tgz",
      "dev": true,
      "requires": {
        "zrender": "4.0.3"
      },
      "dependencies": {
        "zrender": {
          "version": "4.0.3",
          "bundled": true,
          "dev": true
        }
      }
    },
    "jscrypt": {
      "version": "1.1.1",
      "resolved": "https://registry.npmjs.org/jscrypt/-/jscrypt-1.1.1.tgz",
      "integrity": "sha1-XqjUp9fUVzlu+bbe3LBIVC+RYrU=",
      "dev": true
    },
    "mockjs": {
      "version": "1.0.1-beta3",
      "resolved": "https://registry.npmjs.org/mockjs/-/mockjs-1.0.1-beta3.tgz",
      "integrity": "sha1-0jTzwnJWOXVk8slVFC6JGQlTcgk=",
      "dev": true,
      "requires": {
        "commander": "*"
      }
    },
    "nod3des": {
      "version": "0.0.3",
      "resolved": "https://registry.npmjs.org/nod3des/-/nod3des-0.0.3.tgz",
      "integrity": "sha1-cyhomO199zbfDpafc0mxWsNUWao=",
      "dev": true,
      "requires": {
        "crypto-js": "3.1.8",
        "node-forge": "0.6.45",
        "utf8": "2.1.2"
      },
      "dependencies": {
        "crypto-js": {
          "version": "3.1.8",
          "resolved": "https://registry.npmjs.org/crypto-js/-/crypto-js-3.1.8.tgz",
          "integrity": "sha1-cV8HC/YBTyrpkqmLOSkli3E/CNU=",
          "dev": true
        }
      }
    },
    "node-forge": {
      "version": "0.6.45",
      "resolved": "https://registry.npmjs.org/node-forge/-/node-forge-0.6.45.tgz",
      "integrity": "sha1-hpYqaBE0vC/l7I/TGXDUlaqdODc=",
      "dev": true
    },
    "utf8": {
      "version": "2.1.2",
      "resolved": "https://registry.npmjs.org/utf8/-/utf8-2.1.2.tgz",
      "integrity": "sha1-H6DZJw6b6FDZsFAn9jUZv0ZFfZY=",
      "dev": true
    }
  }
}
